
Microsoft Visual Studio Solution File, Format Version 12.00
# Visual Studio Version 16
VisualStudioVersion = 16.0.30907.101
MinimumVisualStudioVersion = 10.0.40219.1
Project("{FAE04EC0-301F-11D3-BF4B-00C04F79EFBC}") = "Producer", "Producer\Producer.csproj", "{5C12A510-A4F7-40C7-90D5-9AC863678ED1}"
EndProject
Project("{FAE04EC0-301F-11D3-BF4B-00C04F79EFBC}") = "Consumer", "Consumer\Consumer.csproj", "{8A269691-CB04-41EA-89B2-5B508D1ADE12}"
EndProject
Global
	GlobalSection(SolutionConfigurationPlatforms) = preSolution
		Debug|Any CPU = Debug|Any CPU
		Release|Any CPU = Release|Any CPU
	EndGlobalSection
	GlobalSection(ProjectConfigurationPlatforms) = postSolution
		{5C12A510-A4F7-40C7-90D5-9AC863678ED1}.Debug|Any CPU.ActiveCfg = Debug|Any CPU
		{5C12A510-A4F7-40C7-90D5-9AC863678ED1}.Debug|Any CPU.Build.0 = Debug|Any CPU
		{5C12A510-A4F7-40C7-90D5-9AC863678ED1}.Release|Any CPU.ActiveCfg = Release|Any CPU
		{5C12A510-A4F7-40C7-90D5-9AC863678ED1}.Release|Any CPU.Build.0 = Release|Any CPU
		{8A269691-CB04-41EA-89B2-5B508D1ADE12}.Debug|Any CPU.ActiveCfg = Debug|Any CPU
		{8A269691-CB04-41EA-89B2-5B508D1ADE12}.Debug|Any CPU.Build.0 = Debug|Any CPU
		{8A269691-CB04-41EA-89B2-5B508D1ADE12}.Release|Any CPU.ActiveCfg = Release|Any CPU
		{8A269691-CB04-41EA-89B2-5B508D1ADE12}.Release|Any CPU.Build.0 = Release|Any CPU
	EndGlobalSection
	GlobalSection(SolutionProperties) = preSolution
		HideSolutionNode = FALSE
	EndGlobalSection
	GlobalSection(ExtensibilityGlobals) = postSolution
		SolutionGuid = {288264FB-F205-4D17-8A6A-B69E2B164B84}
	EndGlobalSection
EndGlobal
